
Microsoft Visual Studio Solution File, Format Version 12.00
# Visual Studio Version 16
VisualStudioVersion = 16.0.31702.278
MinimumVisualStudioVersion = 10.0.40219.1
Project("{FAE04EC0-301F-11D3-BF4B-00C04F79EFBC}") = "LowHealthBackup", "LowHealthBackup\LowHealthBackup.csproj", "{4325E83A-5C7B-4B76-BAEC-2FAA1D2575E2}"
EndProject
Global
	GlobalSection(SolutionConfigurationPlatforms) = preSolution
		Debug|Any CPU = Debug|Any CPU
		Release|Any CPU = Release|Any CPU
	EndGlobalSection
	GlobalSection(ProjectConfigurationPlatforms) = postSolution
		{4325E83A-5C7B-4B76-BAEC-2FAA1D2575E2}.Debug|Any CPU.ActiveCfg = Debug|Any CPU
		{4325E83A-5C7B-4B76-BAEC-2FAA1D2575E2}.Debug|Any CPU.Build.0 = Debug|Any CPU
		{4325E83A-5C7B-4B76-BAEC-2FAA1D2575E2}.Release|Any CPU.ActiveCfg = Release|Any CPU
		{4325E83A-5C7B-4B76-BAEC-2FAA1D2575E2}.Release|Any CPU.Build.0 = Release|Any CPU
	EndGlobalSection
	GlobalSection(SolutionProperties) = preSolution
		HideSolutionNode = FALSE
	EndGlobalSection
	GlobalSection(ExtensibilityGlobals) = postSolution
		SolutionGuid = {A5E9E110-F0A2-4327-A5A3-F110FB8A96C9}
	EndGlobalSection
EndGlobal
